
Microsoft Visual Studio Solution File, Format Version 12.00
# Visual Studio Version 16
VisualStudioVersion = 16.0.30309.148
MinimumVisualStudioVersion = 10.0.40219.1
Project("{FAE04EC0-301F-11D3-BF4B-00C04F79EFBC}") = "HadesSaveManager", "HadesSaveManager\HadesSaveManager.csproj", "{EEDE72F6-80B1-4C81-A31C-2D2E55770E80}"
EndProject
Global
	GlobalSection(SolutionConfigurationPlatforms) = preSolution
		Debug|Any CPU = Debug|Any CPU
		Release|Any CPU = Release|Any CPU
	EndGlobalSection
	GlobalSection(ProjectConfigurationPlatforms) = postSolution
		{EEDE72F6-80B1-4C81-A31C-2D2E55770E80}.Debug|Any CPU.ActiveCfg = Debug|Any CPU
		{EEDE72F6-80B1-4C81-A31C-2D2E55770E80}.Debug|Any CPU.Build.0 = Debug|Any CPU
		{EEDE72F6-80B1-4C81-A31C-2D2E55770E80}.Release|Any CPU.ActiveCfg = Release|Any CPU
		{EEDE72F6-80B1-4C81-A31C-2D2E55770E80}.Release|Any CPU.Build.0 = Release|Any CPU
	EndGlobalSection
	GlobalSection(SolutionProperties) = preSolution
		HideSolutionNode = FALSE
	EndGlobalSection
	GlobalSection(ExtensibilityGlobals) = postSolution
		SolutionGuid = {C6EB46B2-E034-4E55-BF3E-603B5FCA76EB}
	EndGlobalSection
EndGlobal
